
Microsoft Visual Studio Solution File, Format Version 12.00
# Visual Studio Version 17
VisualStudioVersion = 17.9.34728.123
MinimumVisualStudioVersion = 10.0.40219.1
Project("{9A19103F-16F7-4668-BE54-9A1E7A4F7556}") = "MyMLApps", "MyMLApps\MyMLApps.csproj", "{11E1E1DF-F636-4625-B68B-5A77A63D8678}"
EndProject
Project("{9A19103F-16F7-4668-BE54-9A1E7A4F7556}") = "SentimentModel_ConsoleApp1", "SentimentModel_ConsoleApp1\SentimentModel_ConsoleApp1.csproj", "{6C0A298D-BC0A-4717-B602-95052DBA20ED}"
EndProject
Project("{9A19103F-16F7-4668-BE54-9A1E7A4F7556}") = "SentimentModel_WebApi1", "SentimentModel_WebApi1\SentimentModel_WebApi1.csproj", "{EC4638A5-A837-434A-ADC5-CC2CF5E941A8}"
EndProject
Project("{9A19103F-16F7-4668-BE54-9A1E7A4F7556}") = "MyMLApps_JP", "MyMLApps_JP\MyMLApps_JP.csproj", "{9C8E00D5-77BB-4532-B1B9-8BFE1A380267}"
EndProject
Project("{FAE04EC0-301F-11D3-BF4B-00C04F79EFBC}") = "PredictiveMaintenance", "PredictiveMaintenance\PredictiveMaintenance.csproj", "{E87288AD-15B1-424A-9D81-95A27D24043E}"
EndProject
Project("{FAE04EC0-301F-11D3-BF4B-00C04F79EFBC}") = "PredictiveMaintenanceModel_ConsoleApp1", "PredictiveMaintenanceModel_ConsoleApp1\PredictiveMaintenanceModel_ConsoleApp1.csproj", "{F08767E8-7659-4290-BE32-36543B251E3C}"
EndProject
Global
	GlobalSection(SolutionConfigurationPlatforms) = preSolution
		Debug|Any CPU = Debug|Any CPU
		Release|Any CPU = Release|Any CPU
	EndGlobalSection
	GlobalSection(ProjectConfigurationPlatforms) = postSolution
		{11E1E1DF-F636-4625-B68B-5A77A63D8678}.Debug|Any CPU.ActiveCfg = Debug|Any CPU
		{11E1E1DF-F636-4625-B68B-5A77A63D8678}.Debug|Any CPU.Build.0 = Debug|Any CPU
		{11E1E1DF-F636-4625-B68B-5A77A63D8678}.Release|Any CPU.ActiveCfg = Release|Any CPU
		{11E1E1DF-F636-4625-B68B-5A77A63D8678}.Release|Any CPU.Build.0 = Release|Any CPU
		{6C0A298D-BC0A-4717-B602-95052DBA20ED}.Debug|Any CPU.ActiveCfg = Debug|Any CPU
		{6C0A298D-BC0A-4717-B602-95052DBA20ED}.Debug|Any CPU.Build.0 = Debug|Any CPU
		{6C0A298D-BC0A-4717-B602-95052DBA20ED}.Release|Any CPU.ActiveCfg = Release|Any CPU
		{6C0A298D-BC0A-4717-B602-95052DBA20ED}.Release|Any CPU.Build.0 = Release|Any CPU
		{EC4638A5-A837-434A-ADC5-CC2CF5E941A8}.Debug|Any CPU.ActiveCfg = Debug|Any CPU
		{EC4638A5-A837-434A-ADC5-CC2CF5E941A8}.Debug|Any CPU.Build.0 = Debug|Any CPU
		{EC4638A5-A837-434A-ADC5-CC2CF5E941A8}.Release|Any CPU.ActiveCfg = Release|Any CPU
		{EC4638A5-A837-434A-ADC5-CC2CF5E941A8}.Release|Any CPU.Build.0 = Release|Any CPU
		{9C8E00D5-77BB-4532-B1B9-8BFE1A380267}.Debug|Any CPU.ActiveCfg = Debug|Any CPU
		{9C8E00D5-77BB-4532-B1B9-8BFE1A380267}.Debug|Any CPU.Build.0 = Debug|Any CPU
		{9C8E00D5-77BB-4532-B1B9-8BFE1A380267}.Release|Any CPU.ActiveCfg = Release|Any CPU
		{9C8E00D5-77BB-4532-B1B9-8BFE1A380267}.Release|Any CPU.Build.0 = Release|Any CPU
		{E87288AD-15B1-424A-9D81-95A27D24043E}.Debug|Any CPU.ActiveCfg = Debug|Any CPU
		{E87288AD-15B1-424A-9D81-95A27D24043E}.Debug|Any CPU.Build.0 = Debug|Any CPU
		{E87288AD-15B1-424A-9D81-95A27D24043E}.Release|Any CPU.ActiveCfg = Release|Any CPU
		{E87288AD-15B1-424A-9D81-95A27D24043E}.Release|Any CPU.Build.0 = Release|Any CPU
		{F08767E8-7659-4290-BE32-36543B251E3C}.Debug|Any CPU.ActiveCfg = Debug|Any CPU
		{F08767E8-7659-4290-BE32-36543B251E3C}.Debug|Any CPU.Build.0 = Debug|Any CPU
		{F08767E8-7659-4290-BE32-36543B251E3C}.Release|Any CPU.ActiveCfg = Release|Any CPU
		{F08767E8-7659-4290-BE32-36543B251E3C}.Release|Any CPU.Build.0 = Release|Any CPU
	EndGlobalSection
	GlobalSection(SolutionProperties) = preSolution
		HideSolutionNode = FALSE
	EndGlobalSection
	GlobalSection(ExtensibilityGlobals) = postSolution
		SolutionGuid = {8050D77C-3EF5-46A3-AA5E-C0F66262AFD7}
	EndGlobalSection
EndGlobal
